
Microsoft Visual Studio Solution File, Format Version 12.00
# Visual Studio Version 16
VisualStudioVersion = 16.0.28803.452
MinimumVisualStudioVersion = 10.0.40219.1
Project("{FAE04EC0-301F-11D3-BF4B-00C04F79EFBC}") = "btif-cli", "btif-cli\btif-cli.csproj", "{7261FAC5-E357-464D-9D0B-0780A6C5DCDF}"
EndProject
Global
	GlobalSection(SolutionConfigurationPlatforms) = preSolution
		Debug|Any CPU = Debug|Any CPU
		Release|Any CPU = Release|Any CPU
	EndGlobalSection
	GlobalSection(ProjectConfigurationPlatforms) = postSolution
		{7261FAC5-E357-464D-9D0B-0780A6C5DCDF}.Debug|Any CPU.ActiveCfg = Debug|Any CPU
		{7261FAC5-E357-464D-9D0B-0780A6C5DCDF}.Debug|Any CPU.Build.0 = Debug|Any CPU
		{7261FAC5-E357-464D-9D0B-0780A6C5DCDF}.Release|Any CPU.ActiveCfg = Release|Any CPU
		{7261FAC5-E357-464D-9D0B-0780A6C5DCDF}.Release|Any CPU.Build.0 = Release|Any CPU
	EndGlobalSection
	GlobalSection(SolutionProperties) = preSolution
		HideSolutionNode = FALSE
	EndGlobalSection
	GlobalSection(ExtensibilityGlobals) = postSolution
		SolutionGuid = {5297548C-CC5E-4D9C-8425-7995D912B5C5}
	EndGlobalSection
EndGlobal
