
Microsoft Visual Studio Solution File, Format Version 12.00
# Visual Studio Version 16
VisualStudioVersion = 16.0.30204.135
MinimumVisualStudioVersion = 10.0.40219.1
Project("{FAE04EC0-301F-11D3-BF4B-00C04F79EFBC}") = "btif-cli", "btif-cli\btif-cli.csproj", "{F3F9FEB7-991D-4FC8-81E4-348F6E787FBC}"
EndProject
Global
	GlobalSection(SolutionConfigurationPlatforms) = preSolution
		Debug|Any CPU = Debug|Any CPU
		Release|Any CPU = Release|Any CPU
	EndGlobalSection
	GlobalSection(ProjectConfigurationPlatforms) = postSolution
		{F3F9FEB7-991D-4FC8-81E4-348F6E787FBC}.Debug|Any CPU.ActiveCfg = Debug|Any CPU
		{F3F9FEB7-991D-4FC8-81E4-348F6E787FBC}.Debug|Any CPU.Build.0 = Debug|Any CPU
		{F3F9FEB7-991D-4FC8-81E4-348F6E787FBC}.Release|Any CPU.ActiveCfg = Release|Any CPU
		{F3F9FEB7-991D-4FC8-81E4-348F6E787FBC}.Release|Any CPU.Build.0 = Release|Any CPU
	EndGlobalSection
	GlobalSection(SolutionProperties) = preSolution
		HideSolutionNode = FALSE
	EndGlobalSection
	GlobalSection(ExtensibilityGlobals) = postSolution
		SolutionGuid = {1ECD8847-B436-4FDA-B8CD-555EFC20CBB3}
	EndGlobalSection
EndGlobal
